
Microsoft Visual Studio Solution File, Format Version 12.00
# Visual Studio 2012
Project("{FAE04EC0-301F-11D3-BF4B-00C04F79EFBC}") = "DeamonSupplier", "DeamonSupplier\DeamonSupplier.csproj", "{57FB1F19-CAF2-4518-83B3-B9FDD02D660E}"
EndProject
Global
	GlobalSection(SolutionConfigurationPlatforms) = preSolution
		Debug|Any CPU = Debug|Any CPU
		Release|Any CPU = Release|Any CPU
	EndGlobalSection
	GlobalSection(ProjectConfigurationPlatforms) = postSolution
		{57FB1F19-CAF2-4518-83B3-B9FDD02D660E}.Debug|Any CPU.ActiveCfg = Debug|Any CPU
		{57FB1F19-CAF2-4518-83B3-B9FDD02D660E}.Debug|Any CPU.Build.0 = Debug|Any CPU
		{57FB1F19-CAF2-4518-83B3-B9FDD02D660E}.Release|Any CPU.ActiveCfg = Release|Any CPU
		{57FB1F19-CAF2-4518-83B3-B9FDD02D660E}.Release|Any CPU.Build.0 = Release|Any CPU
	EndGlobalSection
	GlobalSection(SolutionProperties) = preSolution
		HideSolutionNode = FALSE
	EndGlobalSection
EndGlobal
